
Microsoft Visual Studio Solution File, Format Version 12.00
# Visual Studio Version 17
VisualStudioVersion = 17.0.31710.8
MinimumVisualStudioVersion = 10.0.40219.1
Project("{54A90642-561A-4BB1-A94E-469ADEE60C69}") = "FrontEnd", "FrontEnd\FrontEnd.esproj", "{68BB2D29-6622-4658-B3F4-5D0D834FD0C0}"
EndProject
Project("{9A19103F-16F7-4668-BE54-9A1E7A4F7556}") = "BackEnd", "BackEnd\BackEnd.csproj", "{CDCCCC71-32AF-41B1-9DD2-43D16567AC7E}"
EndProject
Project("{2150E333-8FDC-42A3-9474-1A3956D46DE8}") = "Solution Items", "Solution Items", "{A938922C-471D-4224-97F2-672D2FE6B6E7}"
	ProjectSection(SolutionItems) = preProject
		CHANGELOG.md = CHANGELOG.md
		README.md = README.md
	EndProjectSection
EndProject
Project("{2150E333-8FDC-42A3-9474-1A3956D46DE8}") = "Deployment", "Deployment", "{0015B332-1EC6-4FA1-89AF-5B1925B5D28D}"
EndProject
Project("{2150E333-8FDC-42A3-9474-1A3956D46DE8}") = "AzureDevOps", "AzureDevOps", "{9A4A5B68-EFA1-4EEE-AD1B-567462CF0D35}"
EndProject
Project("{2150E333-8FDC-42A3-9474-1A3956D46DE8}") = "Pipelines", "Pipelines", "{C7A92B63-FB67-4485-83C4-C7140296B28C}"
	ProjectSection(SolutionItems) = preProject
		Deployment\AzureDevOps\Pipelines\backend.yml = Deployment\AzureDevOps\Pipelines\backend.yml
		Deployment\AzureDevOps\Pipelines\frontend.yml = Deployment\AzureDevOps\Pipelines\frontend.yml
	EndProjectSection
EndProject
Project("{2150E333-8FDC-42A3-9474-1A3956D46DE8}") = "Releases", "Releases", "{E8F8B327-8DB0-48B2-8787-15D5FB7A608E}"
EndProject
Project("{2150E333-8FDC-42A3-9474-1A3956D46DE8}") = "Release Backend to Prod Pipeline", "Release Backend to Prod Pipeline", "{7587972E-51D6-400F-BB1D-9CCF62EE8435}"
	ProjectSection(SolutionItems) = preProject
		Deployment\AzureDevOps\Releases\Release Backend to Prod Pipeline\1. FileTransform appsettings.yml = Deployment\AzureDevOps\Releases\Release Backend to Prod Pipeline\1. FileTransform appsettings.yml
		Deployment\AzureDevOps\Releases\Release Backend to Prod Pipeline\2. Azure App Service Deploy.yml = Deployment\AzureDevOps\Releases\Release Backend to Prod Pipeline\2. Azure App Service Deploy.yml
	EndProjectSection
EndProject
Project("{2150E333-8FDC-42A3-9474-1A3956D46DE8}") = "Release Frontend to Prod Pipeline", "Release Frontend to Prod Pipeline", "{EAE041FF-2892-47BC-90AA-7F8463AF3B78}"
	ProjectSection(SolutionItems) = preProject
		Deployment\AzureDevOps\Releases\Release Frontend to Prod Pipeline\1. AzureBlob File Copy.yml = Deployment\AzureDevOps\Releases\Release Frontend to Prod Pipeline\1. AzureBlob File Copy.yml
	EndProjectSection
EndProject
Project("{FAE04EC0-301F-11D3-BF4B-00C04F79EFBC}") = "APIClientGenerator", "APIClientGenerator\APIClientGenerator.csproj", "{3CB798F6-F095-40CB-8C93-59EE929DD720}"
EndProject
Global
	GlobalSection(SolutionConfigurationPlatforms) = preSolution
		Debug|Any CPU = Debug|Any CPU
		Release|Any CPU = Release|Any CPU
	EndGlobalSection
	GlobalSection(ProjectConfigurationPlatforms) = postSolution
		{68BB2D29-6622-4658-B3F4-5D0D834FD0C0}.Debug|Any CPU.ActiveCfg = Debug|Any CPU
		{68BB2D29-6622-4658-B3F4-5D0D834FD0C0}.Debug|Any CPU.Build.0 = Debug|Any CPU
		{68BB2D29-6622-4658-B3F4-5D0D834FD0C0}.Debug|Any CPU.Deploy.0 = Debug|Any CPU
		{68BB2D29-6622-4658-B3F4-5D0D834FD0C0}.Release|Any CPU.ActiveCfg = Release|Any CPU
		{68BB2D29-6622-4658-B3F4-5D0D834FD0C0}.Release|Any CPU.Build.0 = Release|Any CPU
		{68BB2D29-6622-4658-B3F4-5D0D834FD0C0}.Release|Any CPU.Deploy.0 = Release|Any CPU
		{CDCCCC71-32AF-41B1-9DD2-43D16567AC7E}.Debug|Any CPU.ActiveCfg = Debug|Any CPU
		{CDCCCC71-32AF-41B1-9DD2-43D16567AC7E}.Debug|Any CPU.Build.0 = Debug|Any CPU
		{CDCCCC71-32AF-41B1-9DD2-43D16567AC7E}.Release|Any CPU.ActiveCfg = Release|Any CPU
		{CDCCCC71-32AF-41B1-9DD2-43D16567AC7E}.Release|Any CPU.Build.0 = Release|Any CPU
		{3CB798F6-F095-40CB-8C93-59EE929DD720}.Debug|Any CPU.ActiveCfg = Debug|Any CPU
		{3CB798F6-F095-40CB-8C93-59EE929DD720}.Debug|Any CPU.Build.0 = Debug|Any CPU
		{3CB798F6-F095-40CB-8C93-59EE929DD720}.Release|Any CPU.ActiveCfg = Release|Any CPU
		{3CB798F6-F095-40CB-8C93-59EE929DD720}.Release|Any CPU.Build.0 = Release|Any CPU
	EndGlobalSection
	GlobalSection(SolutionProperties) = preSolution
		HideSolutionNode = FALSE
	EndGlobalSection
	GlobalSection(NestedProjects) = preSolution
		{0015B332-1EC6-4FA1-89AF-5B1925B5D28D} = {A938922C-471D-4224-97F2-672D2FE6B6E7}
		{9A4A5B68-EFA1-4EEE-AD1B-567462CF0D35} = {0015B332-1EC6-4FA1-89AF-5B1925B5D28D}
		{C7A92B63-FB67-4485-83C4-C7140296B28C} = {9A4A5B68-EFA1-4EEE-AD1B-567462CF0D35}
		{E8F8B327-8DB0-48B2-8787-15D5FB7A608E} = {9A4A5B68-EFA1-4EEE-AD1B-567462CF0D35}
		{7587972E-51D6-400F-BB1D-9CCF62EE8435} = {E8F8B327-8DB0-48B2-8787-15D5FB7A608E}
		{EAE041FF-2892-47BC-90AA-7F8463AF3B78} = {E8F8B327-8DB0-48B2-8787-15D5FB7A608E}
	EndGlobalSection
	GlobalSection(ExtensibilityGlobals) = postSolution
		SolutionGuid = {B6386C5E-A7B4-4221-9039-70DF391737F8}
	EndGlobalSection
EndGlobal
